
Microsoft Visual Studio Solution File, Format Version 12.00
# Visual Studio 15
VisualStudioVersion = 15.0.33919.361
MinimumVisualStudioVersion = 10.0.40219.1
Project("{8BC9CEB8-8B4A-11D0-8D11-00A0C91BC942}") = "Assignment1", "Assignment1\Assignment1.vcxproj", "{568E9745-58C4-4FFC-9129-3D3F250E2A4B}"
EndProject
Project("{8BC9CEB8-8B4A-11D0-8D11-00A0C91BC942}") = "Assignment2", "..\Assignment2\Assignment2\Assignment2.vcxproj", "{F2987E2A-ADD7-436E-BA4B-79998CB3C0B8}"
EndProject
Project("{8BC9CEB8-8B4A-11D0-8D11-00A0C91BC942}") = "Assignment3", "..\Assignment3\Assignment3\Assignment3.vcxproj", "{723A0AA2-2351-4BF4-BEB4-D034E9BC9311}"
EndProject
Project("{8BC9CEB8-8B4A-11D0-8D11-00A0C91BC942}") = "Assignment4", "..\Assignment4\Assignment4\Assignment4.vcxproj", "{5DC9D861-A862-4BE6-8375-96EDD61BA27F}"
EndProject
Global
	GlobalSection(SolutionConfigurationPlatforms) = preSolution
		Debug|x64 = Debug|x64
		Debug|x86 = Debug|x86
		Release|x64 = Release|x64
		Release|x86 = Release|x86
	EndGlobalSection
	GlobalSection(ProjectConfigurationPlatforms) = postSolution
		{568E9745-58C4-4FFC-9129-3D3F250E2A4B}.Debug|x64.ActiveCfg = Debug|x64
		{568E9745-58C4-4FFC-9129-3D3F250E2A4B}.Debug|x64.Build.0 = Debug|x64
		{568E9745-58C4-4FFC-9129-3D3F250E2A4B}.Debug|x86.ActiveCfg = Debug|Win32
		{568E9745-58C4-4FFC-9129-3D3F250E2A4B}.Debug|x86.Build.0 = Debug|Win32
		{568E9745-58C4-4FFC-9129-3D3F250E2A4B}.Release|x64.ActiveCfg = Release|x64
		{568E9745-58C4-4FFC-9129-3D3F250E2A4B}.Release|x64.Build.0 = Release|x64
		{568E9745-58C4-4FFC-9129-3D3F250E2A4B}.Release|x86.ActiveCfg = Release|Win32
		{568E9745-58C4-4FFC-9129-3D3F250E2A4B}.Release|x86.Build.0 = Release|Win32
		{F2987E2A-ADD7-436E-BA4B-79998CB3C0B8}.Debug|x64.ActiveCfg = Debug|x64
		{F2987E2A-ADD7-436E-BA4B-79998CB3C0B8}.Debug|x64.Build.0 = Debug|x64
		{F2987E2A-ADD7-436E-BA4B-79998CB3C0B8}.Debug|x86.ActiveCfg = Debug|Win32
		{F2987E2A-ADD7-436E-BA4B-79998CB3C0B8}.Debug|x86.Build.0 = Debug|Win32
		{F2987E2A-ADD7-436E-BA4B-79998CB3C0B8}.Release|x64.ActiveCfg = Release|x64
		{F2987E2A-ADD7-436E-BA4B-79998CB3C0B8}.Release|x64.Build.0 = Release|x64
		{F2987E2A-ADD7-436E-BA4B-79998CB3C0B8}.Release|x86.ActiveCfg = Release|Win32
		{F2987E2A-ADD7-436E-BA4B-79998CB3C0B8}.Release|x86.Build.0 = Release|Win32
		{723A0AA2-2351-4BF4-BEB4-D034E9BC9311}.Debug|x64.ActiveCfg = Debug|x64
		{723A0AA2-2351-4BF4-BEB4-D034E9BC9311}.Debug|x64.Build.0 = Debug|x64
		{723A0AA2-2351-4BF4-BEB4-D034E9BC9311}.Debug|x86.ActiveCfg = Debug|Win32
		{723A0AA2-2351-4BF4-BEB4-D034E9BC9311}.Debug|x86.Build.0 = Debug|Win32
		{723A0AA2-2351-4BF4-BEB4-D034E9BC9311}.Release|x64.ActiveCfg = Release|x64
		{723A0AA2-2351-4BF4-BEB4-D034E9BC9311}.Release|x64.Build.0 = Release|x64
		{723A0AA2-2351-4BF4-BEB4-D034E9BC9311}.Release|x86.ActiveCfg = Release|Win32
		{723A0AA2-2351-4BF4-BEB4-D034E9BC9311}.Release|x86.Build.0 = Release|Win32
		{5DC9D861-A862-4BE6-8375-96EDD61BA27F}.Debug|x64.ActiveCfg = Debug|x64
		{5DC9D861-A862-4BE6-8375-96EDD61BA27F}.Debug|x64.Build.0 = Debug|x64
		{5DC9D861-A862-4BE6-8375-96EDD61BA27F}.Debug|x86.ActiveCfg = Debug|Win32
		{5DC9D861-A862-4BE6-8375-96EDD61BA27F}.Debug|x86.Build.0 = Debug|Win32
		{5DC9D861-A862-4BE6-8375-96EDD61BA27F}.Release|x64.ActiveCfg = Release|x64
		{5DC9D861-A862-4BE6-8375-96EDD61BA27F}.Release|x64.Build.0 = Release|x64
		{5DC9D861-A862-4BE6-8375-96EDD61BA27F}.Release|x86.ActiveCfg = Release|Win32
		{5DC9D861-A862-4BE6-8375-96EDD61BA27F}.Release|x86.Build.0 = Release|Win32
	EndGlobalSection
	GlobalSection(SolutionProperties) = preSolution
		HideSolutionNode = FALSE
	EndGlobalSection
	GlobalSection(ExtensibilityGlobals) = postSolution
		SolutionGuid = {A24224AA-599E-4EEB-A8C7-FBF7A3D85B46}
	EndGlobalSection
EndGlobal
